
Microsoft Visual Studio Solution File, Format Version 12.00
# Visual Studio Version 16
VisualStudioVersion = 16.0.31019.35
MinimumVisualStudioVersion = 10.0.40219.1
Project("{9A19103F-16F7-4668-BE54-9A1E7A4F7556}") = "Oblig1", "Oblig1\Oblig1.csproj", "{B670DA60-33FA-4932-B36C-745ECF3976B1}"
EndProject
Project("{FAE04EC0-301F-11D3-BF4B-00C04F79EFBC}") = "PersonTest", "PersonTest\PersonTest.csproj", "{4707D6E5-F34C-441F-9E39-5F6AA3B68677}"
EndProject
Global
	GlobalSection(SolutionConfigurationPlatforms) = preSolution
		Debug|Any CPU = Debug|Any CPU
		Release|Any CPU = Release|Any CPU
	EndGlobalSection
	GlobalSection(ProjectConfigurationPlatforms) = postSolution
		{B670DA60-33FA-4932-B36C-745ECF3976B1}.Debug|Any CPU.ActiveCfg = Debug|Any CPU
		{B670DA60-33FA-4932-B36C-745ECF3976B1}.Debug|Any CPU.Build.0 = Debug|Any CPU
		{B670DA60-33FA-4932-B36C-745ECF3976B1}.Release|Any CPU.ActiveCfg = Release|Any CPU
		{B670DA60-33FA-4932-B36C-745ECF3976B1}.Release|Any CPU.Build.0 = Release|Any CPU
		{4707D6E5-F34C-441F-9E39-5F6AA3B68677}.Debug|Any CPU.ActiveCfg = Debug|Any CPU
		{4707D6E5-F34C-441F-9E39-5F6AA3B68677}.Debug|Any CPU.Build.0 = Debug|Any CPU
		{4707D6E5-F34C-441F-9E39-5F6AA3B68677}.Release|Any CPU.ActiveCfg = Release|Any CPU
		{4707D6E5-F34C-441F-9E39-5F6AA3B68677}.Release|Any CPU.Build.0 = Release|Any CPU
	EndGlobalSection
	GlobalSection(SolutionProperties) = preSolution
		HideSolutionNode = FALSE
	EndGlobalSection
	GlobalSection(ExtensibilityGlobals) = postSolution
		SolutionGuid = {FA613641-A0B0-405D-AB96-83513256DDE7}
	EndGlobalSection
EndGlobal
